// !$*UTF8*$!
{
	archiveVersion = 1;
	classes = {
	};
	objectVersion = 46;
	objects = {

/* Begin PBXBuildFile section */
		20CA410E1D37326000E181A9 /* AppDelegate.swift in Sources */ = {isa = PBXBuildFile; fileRef = 20CA410D1D37326000E181A9 /* AppDelegate.swift */; };
		20CA41101D37326000E181A9 /* ViewController.swift in Sources */ = {isa = PBXBuildFile; fileRef = 20CA410F1D37326000E181A9 /* ViewController.swift */; };
		20CA41131D37326000E181A9 /* Main.storyboard in Resources */ = {isa = PBXBuildFile; fileRef = 20CA41111D37326000E181A9 /* Main.storyboard */; };
		20CA41151D37326000E181A9 /* Assets.xcassets in Resources */ = {isa = PBXBuildFile; fileRef = 20CA41141D37326000E181A9 /* Assets.xcassets */; };
		20CA41181D37326000E181A9 /* LaunchScreen.storyboard in Resources */ = {isa = PBXBuildFile; fileRef = 20CA41161D37326000E181A9 /* LaunchScreen.storyboard */; };
		20CA41231D37326000E181A9 /* Intro6Tests.swift in Sources */ = {isa = PBXBuildFile; fileRef = 20CA41221D37326000E181A9 /* Intro6Tests.swift */; };
/* End PBXBuildFile section */

/* Begin PBXContainerItemProxy section */
		20CA411F1D37326000E181A9 /* PBXContainerItemProxy */ = {
			isa = PBXContainerItemProxy;
			containerPortal = 20CA41021D37326000E181A9 /* Project object */;
			proxyType = 1;
			remoteGlobalIDString = 20CA41091D37326000E181A9;
			remoteInfo = Intro6;
		};
/* End PBXContainerItemProxy section */

/* Begin PBXFileReference section */
		20CA410A1D37326000E181A9 /* Intro6.app */ = {isa = PBXFileReference; explicitFileType = wrapper.application; includeInIndex = 0; path = Intro6.app; sourceTree = BUILT_PRODUCTS_DIR; };
		20CA410D1D37326000E181A9 /* AppDelegate.swift */ = {isa = PBXFileReference; lastKnownFileType = sourcecode.swift; path = AppDelegate.swift; sourceTree = "<group>"; };
		20CA410F1D37326000E181A9 /* ViewController.swift */ = {isa = PBXFileReference; lastKnownFileType = sourcecode.swift; path = ViewController.swift; sourceTree = "<group>"; };
		20CA41121D37326000E181A9 /* Base */ = {isa = PBXFileReference; lastKnownFileType = file.storyboard; name = Base; path = Base.lproj/Main.storyboard; sourceTree = "<group>"; };
		20CA41141D37326000E181A9 /* Assets.xcassets */ = {isa = PBXFileReference; lastKnownFileType = folder.assetcatalog; path = Assets.xcassets; sourceTree = "<group>"; };
		20CA41171D37326000E181A9 /* Base */ = {isa = PBXFileReference; lastKnownFileType = file.storyboard; name = Base; path = Base.lproj/LaunchScreen.storyboard; sourceTree = "<group>"; };
		20CA41191D37326000E181A9 /* Info.plist */ = {isa = PBXFileReference; lastKnownFileType = text.plist.xml; path = Info.plist; sourceTree = "<group>"; };
		20CA411E1D37326000E181A9 /* Intro6Tests.xctest */ = {isa = PBXFileReference; explicitFileType = wrapper.cfbundle; includeInIndex = 0; path = Intro6Tests.xctest; sourceTree = BUILT_PRODUCTS_DIR; };
		20CA41221D37326000E181A9 /* Intro6Tests.swift */ = {isa = PBXFileReference; lastKnownFileType = sourcecode.swift; path = Intro6Tests.swift; sourceTree = "<group>"; };
		20CA41241D37326000E181A9 /* Info.plist */ = {isa = PBXFileReference; lastKnownFileType = text.plist.xml; path = Info.plist; sourceTree = "<group>"; };
/* End PBXFileReference section */

/* Begin PBXFrameworksBuildPhase section */
		20CA41071D37326000E181A9 /* Frameworks */ = {
			isa = PBXFrameworksBuildPhase;
			buildActionMask = 2147483647;
			files = (
			);
			runOnlyForDeploymentPostprocessing = 0;
		};
		20CA411B1D37326000E181A9 /* Frameworks */ = {
			isa = PBXFrameworksBuildPhase;
			buildActionMask = 2147483647;
			files = (
			);
			runOnlyForDeploymentPostprocessing = 0;
		};
/* End PBXFrameworksBuildPhase section */

/* Begin PBXGroup section */
		20CA41011D37326000E181A9 = {
			isa = PBXGroup;
			children = (
				20CA410C1D37326000E181A9 /* Intro6 */,
				20CA41211D37326000E181A9 /* Intro6Tests */,
				20CA410B1D37326000E181A9 /* Products */,
			);
			sourceTree = "<group>";
		};
		20CA410B1D37326000E181A9 /* Products */ = {
			isa = PBXGroup;
			children = (
				20CA410A1D37326000E181A9 /* Intro6.app */,
				20CA411E1D37326000E181A9 /* Intro6Tests.xctest */,
			);
			name = Products;
			sourceTree = "<group>";
		};
		20CA410C1D37326000E181A9 /* Intro6 */ = {
			isa = PBXGroup;
			children = (
				20CA410D1D37326000E181A9 /* AppDelegate.swift */,
				20CA410F1D37326000E181A9 /* ViewController.swift */,
				20CA41111D37326000E181A9 /* Main.storyboard */,
				20CA41141D37326000E181A9 /* Assets.xcassets */,
				20CA41161D37326000E181A9 /* LaunchScreen.storyboard */,
				20CA41191D37326000E181A9 /* Info.plist */,
			);
			path = Intro6;
			sourceTree = "<group>";
		};
		20CA41211D37326000E181A9 /* Intro6Tests */ = {
			isa = PBXGroup;
			children = (
				20CA41221D37326000E181A9 /* Intro6Tests.swift */,
				20CA41241D37326000E181A9 /* Info.plist */,
			);
			path = Intro6Tests;
			sourceTree = "<group>";
		};
/* End PBXGroup section */

/* Begin PBXNativeTarget section */
		20CA41091D37326000E181A9 /* Intro6 */ = {
			isa = PBXNativeTarget;
			buildConfigurationList = 20CA41271D37326000E181A9 /* Build configuration list for PBXNativeTarget "Intro6" */;
			buildPhases = (
				20CA41061D37326000E181A9 /* Sources */,
				20CA41071D37326000E181A9 /* Frameworks */,
				20CA41081D37326000E181A9 /* Resources */,
			);
			buildRules = (
			);
			dependencies = (
			);
			name = Intro6;
			productName = Intro6;
			productReference = 20CA410A1D37326000E181A9 /* Intro6.app */;
			productType = "com.apple.product-type.application";
		};
		20CA411D1D37326000E181A9 /* Intro6Tests */ = {
			isa = PBXNativeTarget;
			buildConfigurationList = 20CA412A1D37326000E181A9 /* Build configuration list for PBXNativeTarget "Intro6Tests" */;
			buildPhases = (
				20CA411A1D37326000E181A9 /* Sources */,
				20CA411B1D37326000E181A9 /* Frameworks */,
				20CA411C1D37326000E181A9 /* Resources */,
			);
			buildRules = (
			);
			dependencies = (
				20CA41201D37326000E181A9 /* PBXTargetDependency */,
			);
			name = Intro6Tests;
			productName = Intro6Tests;
			productReference = 20CA411E1D37326000E181A9 /* Intro6Tests.xctest */;
			productType = "com.apple.product-type.bundle.unit-test";
		};
/* End PBXNativeTarget section */

/* Begin PBXProject section */
		20CA41021D37326000E181A9 /* Project object */ = {
			isa = PBXProject;
			attributes = {
				LastSwiftUpdateCheck = 0730;
				LastUpgradeCheck = 0730;
				ORGANIZATIONNAME = SwiftiCode;
				TargetAttributes = {
					20CA41091D37326000E181A9 = {
						CreatedOnToolsVersion = 7.3.1;
						DevelopmentTeam = 3E3L6L75YM;
					};
					20CA411D1D37326000E181A9 = {
						CreatedOnToolsVersion = 7.3.1;
						DevelopmentTeam = 3E3L6L75YM;
						TestTargetID = 20CA41091D37326000E181A9;
					};
				};
			};
			buildConfigurationList = 20CA41051D37326000E181A9 /* Build configuration list for PBXProject "Intro6" */;
			compatibilityVersion = "Xcode 3.2";
			developmentRegion = English;
			hasScannedForEncodings = 0;
			knownRegions = (
				en,
				Base,
			);
			mainGroup = 20CA41011D37326000E181A9;
			productRefGroup = 20CA410B1D37326000E181A9 /* Products */;
			projectDirPath = "";
			projectRoot = "";
			targets = (
				20CA41091D37326000E181A9 /* Intro6 */,
				20CA411D1D37326000E181A9 /* Intro6Tests */,
			);
		};
/* End PBXProject section */

/* Begin PBXResourcesBuildPhase section */
		20CA41081D37326000E181A9 /* Resources */ = {
			isa = PBXResourcesBuildPhase;
			buildActionMask = 2147483647;
			files = (
				20CA41181D37326000E181A9 /* LaunchScreen.storyboard in Resources */,
				20CA41151D37326000E181A9 /* Assets.xcassets in Resources */,
				20CA41131D37326000E181A9 /* Main.storyboard in Resources */,
			);
			runOnlyForDeploymentPostprocessing = 0;
		};
		20CA411C1D37326000E181A9 /* Resources */ = {
			isa = PBXResourcesBuildPhase;
			buildActionMask = 2147483647;
			files = (
			);
			runOnlyForDeploymentPostprocessing = 0;
		};
/* End PBXResourcesBuildPhase section */

/* Begin PBXSourcesBuildPhase section */
		20CA41061D37326000E181A9 /* Sources */ = {
			isa = PBXSourcesBuildPhase;
			buildActionMask = 2147483647;
			files = (
				20CA41101D37326000E181A9 /* ViewController.swift in Sources */,
				20CA410E1D37326000E181A9 /* AppDelegate.swift in Sources */,
			);
			runOnlyForDeploymentPostprocessing = 0;
		};
		20CA411A1D37326000E181A9 /* Sources */ = {
			isa = PBXSourcesBuildPhase;
			buildActionMask = 2147483647;
			files = (
				20CA41231D37326000E181A9 /* Intro6Tests.swift in Sources */,
			);
			runOnlyForDeploymentPostprocessing = 0;
		};
/* End PBXSourcesBuildPhase section */

/* Begin PBXTargetDependency section */
		20CA41201D37326000E181A9 /* PBXTargetDependency */ = {
			isa = PBXTargetDependency;
			target = 20CA41091D37326000E181A9 /* Intro6 */;
			targetProxy = 20CA411F1D37326000E181A9 /* PBXContainerItemProxy */;
		};
/* End PBXTargetDependency section */

/* Begin PBXVariantGroup section */
		20CA41111D37326000E181A9 /* Main.storyboard */ = {
			isa = PBXVariantGroup;
			children = (
				20CA41121D37326000E181A9 /* Base */,
			);
			name = Main.storyboard;
			sourceTree = "<group>";
		};
		20CA41161D37326000E181A9 /* LaunchScreen.storyboard */ = {
			isa = PBXVariantGroup;
			children = (
				20CA41171D37326000E181A9 /* Base */,
			);
			name = LaunchScreen.storyboard;
			sourceTree = "<group>";
		};
/* End PBXVariantGroup section */

/* Begin XCBuildConfiguration section */
		20CA41251D37326000E181A9 /* Debug */ = {
			isa = XCBuildConfiguration;
			buildSettings = {
				ALWAYS_SEARCH_USER_PATHS = NO;
				CLANG_ANALYZER_NONNULL = YES;
				CLANG_CXX_LANGUAGE_STANDARD = "gnu++0x";
				CLANG_CXX_LIBRARY = "libc++";
				CLANG_ENABLE_MODULES = YES;
				CLANG_ENABLE_OBJC_ARC = YES;
				CLANG_WARN_BOOL_CONVERSION = YES;
				CLANG_WARN_CONSTANT_CONVERSION = YES;
				CLANG_WARN_DIRECT_OBJC_ISA_USAGE = YES_ERROR;
				CLANG_WARN_EMPTY_BODY = YES;
				CLANG_WARN_ENUM_CONVERSION = YES;
				CLANG_WARN_INT_CONVERSION = YES;
				CLANG_WARN_OBJC_ROOT_CLASS = YES_ERROR;
				CLANG_WARN_UNREACHABLE_CODE = YES;
				CLANG_WARN__DUPLICATE_METHOD_MATCH = YES;
				"CODE_SIGN_IDENTITY[sdk=iphoneos*]" = "iPhone Developer";
				COPY_PHASE_STRIP = NO;
				DEBUG_INFORMATION_FORMAT = dwarf;
				ENABLE_STRICT_OBJC_MSGSEND = YES;
				ENABLE_TESTABILITY = YES;
				GCC_C_LANGUAGE_STANDARD = gnu99;
				GCC_DYNAMIC_NO_PIC = NO;
				GCC_NO_COMMON_BLOCKS = YES;
				GCC_OPTIMIZATION_LEVEL = 0;
				GCC_PREPROCESSOR_DEFINITIONS = (
					"DEBUG=1",
					"$(inherited)",
				);
				GCC_WARN_64_TO_32_BIT_CONVERSION = YES;
				GCC_WARN_ABOUT_RETURN_TYPE = YES_ERROR;
				GCC_WARN_UNDECLARED_SELECTOR = YES;
				GCC_WARN_UNINITIALIZED_AUTOS = YES_AGGRESSIVE;
				GCC_WARN_UNUSED_FUNCTION = YES;
				GCC_WARN_UNUSED_VARIABLE = YES;
				IPHONEOS_DEPLOYMENT_TARGET = 9.3;
				MTL_ENABLE_DEBUG_INFO = YES;
				ONLY_ACTIVE_ARCH = YES;
				SDKROOT = iphoneos;
				SWIFT_OPTIMIZATION_LEVEL = "-Onone";
				TARGETED_DEVICE_FAMILY = "1,2";
			};
			name = Debug;
		};
		20CA41261D37326000E181A9 /* Release */ = {
			isa = XCBuildConfiguration;
			buildSettings = {
				ALWAYS_SEARCH_USER_PATHS = NO;
				CLANG_ANALYZER_NONNULL = YES;
				CLANG_CXX_LANGUAGE_STANDARD = "gnu++0x";
				CLANG_CXX_LIBRARY = "libc++";
				CLANG_ENABLE_MODULES = YES;
				CLANG_ENABLE_OBJC_ARC = YES;
				CLANG_WARN_BOOL_CONVERSION = YES;
				CLANG_WARN_CONSTANT_CONVERSION = YES;
				CLANG_WARN_DIRECT_OBJC_ISA_USAGE = YES_ERROR;
				CLANG_WARN_EMPTY_BODY = YES;
				CLANG_WARN_ENUM_CONVERSION = YES;
				CLANG_WARN_INT_CONVERSION = YES;
				CLANG_WARN_OBJC_ROOT_CLASS = YES_ERROR;
				CLANG_WARN_UNREACHABLE_CODE = YES;
				CLANG_WARN__DUPLICATE_METHOD_MATCH = YES;
				"CODE_SIGN_IDENTITY[sdk=iphoneos*]" = "iPhone Developer";
				COPY_PHASE_STRIP = NO;
				DEBUG_INFORMATION_FORMAT = "dwarf-with-dsym";
				ENABLE_NS_ASSERTIONS = NO;
				ENABLE_STRICT_OBJC_MSGSEND = YES;
				GCC_C_LANGUAGE_STANDARD = gnu99;
				GCC_NO_COMMON_BLOCKS = YES;
				GCC_WARN_64_TO_32_BIT_CONVERSION = YES;
				GCC_WARN_ABOUT_RETURN_TYPE = YES_ERROR;
				GCC_WARN_UNDECLARED_SELECTOR = YES;
				GCC_WARN_UNINITIALIZED_AUTOS = YES_AGGRESSIVE;
				GCC_WARN_UNUSED_FUNCTION = YES;
				GCC_WARN_UNUSED_VARIABLE = YES;
				IPHONEOS_DEPLOYMENT_TARGET = 9.3;
				MTL_ENABLE_DEBUG_INFO = NO;
				SDKROOT = iphoneos;
				TARGETED_DEVICE_FAMILY = "1,2";
				VALIDATE_PRODUCT = YES;
			};
			name = Release;
		};
		20CA41281D37326000E181A9 /* Debug */ = {
			isa = XCBuildConfiguration;
			buildSettings = {
				ASSETCATALOG_COMPILER_APPICON_NAME = AppIcon;
				INFOPLIST_FILE = Intro6/Info.plist;
				LD_RUNPATH_SEARCH_PATHS = "$(inherited) @executable_path/Frameworks";
				PRODUCT_BUNDLE_IDENTIFIER = com.swifticode.Intro6;
				PRODUCT_NAME = "$(TARGET_NAME)";
			};
			name = Debug;
		};
		20CA41291D37326000E181A9 /* Release */ = {
			isa = XCBuildConfiguration;
			buildSettings = {
				ASSETCATALOG_COMPILER_APPICON_NAME = AppIcon;
				INFOPLIST_FILE = Intro6/Info.plist;
				LD_RUNPATH_SEARCH_PATHS = "$(inherited) @executable_path/Frameworks";
				PRODUCT_BUNDLE_IDENTIFIER = com.swifticode.Intro6;
				PRODUCT_NAME = "$(TARGET_NAME)";
			};
			name = Release;
		};
		20CA412B1D37326000E181A9 /* Debug */ = {
			isa = XCBuildConfiguration;
			buildSettings = {
				BUNDLE_LOADER = "$(TEST_HOST)";
				INFOPLIST_FILE = Intro6Tests/Info.plist;
				LD_RUNPATH_SEARCH_PATHS = "$(inherited) @executable_path/Frameworks @loader_path/Frameworks";
				PRODUCT_BUNDLE_IDENTIFIER = com.swifticode.Intro6Tests;
				PRODUCT_NAME = "$(TARGET_NAME)";
				TEST_HOST = "$(BUILT_PRODUCTS_DIR)/Intro6.app/Intro6";
			};
			name = Debug;
		};
		20CA412C1D37326000E181A9 /* Release */ = {
			isa = XCBuildConfiguration;
			buildSettings = {
				BUNDLE_LOADER = "$(TEST_HOST)";
				INFOPLIST_FILE = Intro6Tests/Info.plist;
				LD_RUNPATH_SEARCH_PATHS = "$(inherited) @executable_path/Frameworks @loader_path/Frameworks";
				PRODUCT_BUNDLE_IDENTIFIER = com.swifticode.Intro6Tests;
				PRODUCT_NAME = "$(TARGET_NAME)";
				TEST_HOST = "$(BUILT_PRODUCTS_DIR)/Intro6.app/Intro6";
			};
			name = Release;
		};
/* End XCBuildConfiguration section */

/* Begin XCConfigurationList section */
		20CA41051D37326000E181A9 /* Build configuration list for PBXProject "Intro6" */ = {
			isa = XCConfigurationList;
			buildConfigurations = (
				20CA41251D37326000E181A9 /* Debug */,
				20CA41261D37326000E181A9 /* Release */,
			);
			defaultConfigurationIsVisible = 0;
			defaultConfigurationName = Release;
		};
		20CA41271D37326000E181A9 /* Build configuration list for PBXNativeTarget "Intro6" */ = {
			isa = XCConfigurationList;
			buildConfigurations = (
				20CA41281D37326000E181A9 /* Debug */,
				20CA41291D37326000E181A9 /* Release */,
			);
			defaultConfigurationIsVisible = 0;
		};
		20CA412A1D37326000E181A9 /* Build configuration list for PBXNativeTarget "Intro6Tests" */ = {
			isa = XCConfigurationList;
			buildConfigurations = (
				20CA412B1D37326000E181A9 /* Debug */,
				20CA412C1D37326000E181A9 /* Release */,
			);
			defaultConfigurationIsVisible = 0;
		};
/* End XCConfigurationList section */
	};
	rootObject = 20CA41021D37326000E181A9 /* Project object */;
}
